
Microsoft Visual Studio Solution File, Format Version 12.00
# Visual Studio Version 16
VisualStudioVersion = 16.0.30907.101
MinimumVisualStudioVersion = 10.0.40219.1
Project("{FAE04EC0-301F-11D3-BF4B-00C04F79EFBC}") = "Kurs", "Kurs\Kurs.csproj", "{8B0A0D41-8FF7-4432-A19D-D6D9C233F65C}"
EndProject
Global
	GlobalSection(SolutionConfigurationPlatforms) = preSolution
		Debug|Any CPU = Debug|Any CPU
		Release|Any CPU = Release|Any CPU
	EndGlobalSection
	GlobalSection(ProjectConfigurationPlatforms) = postSolution
		{8B0A0D41-8FF7-4432-A19D-D6D9C233F65C}.Debug|Any CPU.ActiveCfg = Debug|Any CPU
		{8B0A0D41-8FF7-4432-A19D-D6D9C233F65C}.Debug|Any CPU.Build.0 = Debug|Any CPU
		{8B0A0D41-8FF7-4432-A19D-D6D9C233F65C}.Release|Any CPU.ActiveCfg = Release|Any CPU
		{8B0A0D41-8FF7-4432-A19D-D6D9C233F65C}.Release|Any CPU.Build.0 = Release|Any CPU
	EndGlobalSection
	GlobalSection(SolutionProperties) = preSolution
		HideSolutionNode = FALSE
	EndGlobalSection
	GlobalSection(ExtensibilityGlobals) = postSolution
		SolutionGuid = {C3A2F237-58A9-4B6C-BEDA-1014A28AB154}
	EndGlobalSection
EndGlobal
